Microsoft Visual Studio Solution File, Format Version 12.00
# Visual Studio 2013
VisualStudioVersion = 12.0.21005.1
MinimumVisualStudioVersion = 10.0.40219.1
Project("{FAE04EC0-301F-11D3-BF4B-00C04F79EFBC}") = "RepricingScript", "src\RepricingScript\RepricingScript.csproj", "{8523985A-019F-30D6-B95A-D1452B0C0855}"
EndProject
Project("{FAE04EC0-301F-11D3-BF4B-00C04F79EFBC}") = "ReportUpload", "src\ReportUpload\ReportUpload.csproj", "{EC4AB34B-59AF-4555-809C-5F8928A77591}"
EndProject
Project("{FAE04EC0-301F-11D3-BF4B-00C04F79EFBC}") = "AmazonProductLookup", "src\AmazonProductLookup\AmazonProductLookup.csproj", "{08BAA861-BEC1-4174-9A86-6B7F12E6705C}"
EndProject
Project("{FAE04EC0-301F-11D3-BF4B-00C04F79EFBC}") = "Models", "src\Models\Models.csproj", "{E11B5449-0609-4026-A972-F0CB5C3CB139}"
EndProject
Project("{FAE04EC0-301F-11D3-BF4B-00C04F79EFBC}") = "Data", "src\Data\Data.csproj", "{60FB5BA8-333C-4A93-8B8F-793FA7F3533C}"
EndProject
Project("{FAE04EC0-301F-11D3-BF4B-00C04F79EFBC}") = "WebApplication", "src\WebApplication\WebApplication.csproj", "{8C3464DA-A6F4-4616-BA92-29AC441C537F}"
EndProject
Project("{FAE04EC0-301F-11D3-BF4B-00C04F79EFBC}") = "Utility", "src\Utility\Utility.csproj", "{05AEFD2A-EAF9-4369-B20C-DDC88B17D95A}"
EndProject
Project("{FAE04EC0-301F-11D3-BF4B-00C04F79EFBC}") = "Logging", "src\Logging\Logging.csproj", "{FAAFAD38-6AAF-4961-AE06-3BFF038685E6}"
EndProject
Project("{FAE04EC0-301F-11D3-BF4B-00C04F79EFBC}") = "BrightPearlClient", "src\BrightPearlClient\BrightPearlClient.csproj", "{3B57B722-F394-414F-8CCE-22B40A1B1E08}"
EndProject
Project("{FAE04EC0-301F-11D3-BF4B-00C04F79EFBC}") = "BrightPearlClientTest", "src\BrightPearlClientTest\BrightPearlClientTest.csproj", "{D8D16D1F-8FEC-4FF4-A029-9B03CCB79943}"
EndProject
Global
	GlobalSection(SolutionConfigurationPlatforms) = preSolution
		Debug|Any CPU = Debug|Any CPU
		Debug|Mixed Platforms = Debug|Mixed Platforms
		Debug|x86 = Debug|x86
		Development|Any CPU = Development|Any CPU
		Development|Mixed Platforms = Development|Mixed Platforms
		Development|x86 = Development|x86
		Release|Any CPU = Release|Any CPU
		Release|Mixed Platforms = Release|Mixed Platforms
		Release|x86 = Release|x86
	EndGlobalSection
	GlobalSection(ProjectConfigurationPlatforms) = postSolution
		{8523985A-019F-30D6-B95A-D1452B0C0855}.Debug|Any CPU.ActiveCfg = Debug|Any CPU
		{8523985A-019F-30D6-B95A-D1452B0C0855}.Debug|Any CPU.Build.0 = Debug|Any CPU
		{8523985A-019F-30D6-B95A-D1452B0C0855}.Debug|Mixed Platforms.ActiveCfg = Debug|Any CPU
		{8523985A-019F-30D6-B95A-D1452B0C0855}.Debug|Mixed Platforms.Build.0 = Debug|Any CPU
		{8523985A-019F-30D6-B95A-D1452B0C0855}.Debug|x86.ActiveCfg = Debug|Any CPU
		{8523985A-019F-30D6-B95A-D1452B0C0855}.Development|Any CPU.ActiveCfg = Debug|Any CPU
		{8523985A-019F-30D6-B95A-D1452B0C0855}.Development|Any CPU.Build.0 = Debug|Any CPU
		{8523985A-019F-30D6-B95A-D1452B0C0855}.Development|Mixed Platforms.ActiveCfg = Debug|Any CPU
		{8523985A-019F-30D6-B95A-D1452B0C0855}.Development|Mixed Platforms.Build.0 = Debug|Any CPU
		{8523985A-019F-30D6-B95A-D1452B0C0855}.Development|x86.ActiveCfg = Debug|Any CPU
		{8523985A-019F-30D6-B95A-D1452B0C0855}.Release|Any CPU.ActiveCfg = Release|Any CPU
		{8523985A-019F-30D6-B95A-D1452B0C0855}.Release|Any CPU.Build.0 = Release|Any CPU
		{8523985A-019F-30D6-B95A-D1452B0C0855}.Release|Mixed Platforms.ActiveCfg = Release|Any CPU
		{8523985A-019F-30D6-B95A-D1452B0C0855}.Release|Mixed Platforms.Build.0 = Release|Any CPU
		{8523985A-019F-30D6-B95A-D1452B0C0855}.Release|x86.ActiveCfg = Release|Any CPU
		{EC4AB34B-59AF-4555-809C-5F8928A77591}.Debug|Any CPU.ActiveCfg = Debug|x86
		{EC4AB34B-59AF-4555-809C-5F8928A77591}.Debug|Any CPU.Build.0 = Debug|x86
		{EC4AB34B-59AF-4555-809C-5F8928A77591}.Debug|Mixed Platforms.ActiveCfg = Debug|x86
		{EC4AB34B-59AF-4555-809C-5F8928A77591}.Debug|Mixed Platforms.Build.0 = Debug|x86
		{EC4AB34B-59AF-4555-809C-5F8928A77591}.Debug|x86.ActiveCfg = Debug|x86
		{EC4AB34B-59AF-4555-809C-5F8928A77591}.Debug|x86.Build.0 = Debug|x86
		{EC4AB34B-59AF-4555-809C-5F8928A77591}.Development|Any CPU.ActiveCfg = Debug|x86
		{EC4AB34B-59AF-4555-809C-5F8928A77591}.Development|Mixed Platforms.ActiveCfg = Debug|x86
		{EC4AB34B-59AF-4555-809C-5F8928A77591}.Development|Mixed Platforms.Build.0 = Debug|x86
		{EC4AB34B-59AF-4555-809C-5F8928A77591}.Development|x86.ActiveCfg = Debug|x86
		{EC4AB34B-59AF-4555-809C-5F8928A77591}.Development|x86.Build.0 = Debug|x86
		{EC4AB34B-59AF-4555-809C-5F8928A77591}.Release|Any CPU.ActiveCfg = Release|x86
		{EC4AB34B-59AF-4555-809C-5F8928A77591}.Release|Any CPU.Build.0 = Release|x86
		{EC4AB34B-59AF-4555-809C-5F8928A77591}.Release|Mixed Platforms.ActiveCfg = Release|x86
		{EC4AB34B-59AF-4555-809C-5F8928A77591}.Release|Mixed Platforms.Build.0 = Release|x86
		{EC4AB34B-59AF-4555-809C-5F8928A77591}.Release|x86.ActiveCfg = Release|x86
		{EC4AB34B-59AF-4555-809C-5F8928A77591}.Release|x86.Build.0 = Release|x86
		{08BAA861-BEC1-4174-9A86-6B7F12E6705C}.Debug|Any CPU.ActiveCfg = Debug|Any CPU
		{08BAA861-BEC1-4174-9A86-6B7F12E6705C}.Debug|Any CPU.Build.0 = Debug|Any CPU
		{08BAA861-BEC1-4174-9A86-6B7F12E6705C}.Debug|Mixed Platforms.ActiveCfg = Debug|Any CPU
		{08BAA861-BEC1-4174-9A86-6B7F12E6705C}.Debug|Mixed Platforms.Build.0 = Debug|Any CPU
		{08BAA861-BEC1-4174-9A86-6B7F12E6705C}.Debug|x86.ActiveCfg = Debug|Any CPU
		{08BAA861-BEC1-4174-9A86-6B7F12E6705C}.Development|Any CPU.ActiveCfg = Debug|Any CPU
		{08BAA861-BEC1-4174-9A86-6B7F12E6705C}.Development|Any CPU.Build.0 = Debug|Any CPU
		{08BAA861-BEC1-4174-9A86-6B7F12E6705C}.Development|Mixed Platforms.ActiveCfg = Debug|Any CPU
		{08BAA861-BEC1-4174-9A86-6B7F12E6705C}.Development|Mixed Platforms.Build.0 = Debug|Any CPU
		{08BAA861-BEC1-4174-9A86-6B7F12E6705C}.Development|x86.ActiveCfg = Debug|Any CPU
		{08BAA861-BEC1-4174-9A86-6B7F12E6705C}.Release|Any CPU.ActiveCfg = Release|Any CPU
		{08BAA861-BEC1-4174-9A86-6B7F12E6705C}.Release|Any CPU.Build.0 = Release|Any CPU
		{08BAA861-BEC1-4174-9A86-6B7F12E6705C}.Release|Mixed Platforms.ActiveCfg = Release|Any CPU
		{08BAA861-BEC1-4174-9A86-6B7F12E6705C}.Release|Mixed Platforms.Build.0 = Release|Any CPU
		{08BAA861-BEC1-4174-9A86-6B7F12E6705C}.Release|x86.ActiveCfg = Release|Any CPU
		{E11B5449-0609-4026-A972-F0CB5C3CB139}.Debug|Any CPU.ActiveCfg = Debug|Any CPU
		{E11B5449-0609-4026-A972-F0CB5C3CB139}.Debug|Any CPU.Build.0 = Debug|Any CPU
		{E11B5449-0609-4026-A972-F0CB5C3CB139}.Debug|Mixed Platforms.ActiveCfg = Debug|Any CPU
		{E11B5449-0609-4026-A972-F0CB5C3CB139}.Debug|Mixed Platforms.Build.0 = Debug|Any CPU
		{E11B5449-0609-4026-A972-F0CB5C3CB139}.Debug|x86.ActiveCfg = Debug|Any CPU
		{E11B5449-0609-4026-A972-F0CB5C3CB139}.Development|Any CPU.ActiveCfg = Debug|Any CPU
		{E11B5449-0609-4026-A972-F0CB5C3CB139}.Development|Any CPU.Build.0 = Debug|Any CPU
		{E11B5449-0609-4026-A972-F0CB5C3CB139}.Development|Mixed Platforms.ActiveCfg = Debug|Any CPU
		{E11B5449-0609-4026-A972-F0CB5C3CB139}.Development|Mixed Platforms.Build.0 = Debug|Any CPU
		{E11B5449-0609-4026-A972-F0CB5C3CB139}.Development|x86.ActiveCfg = Debug|Any CPU
		{E11B5449-0609-4026-A972-F0CB5C3CB139}.Release|Any CPU.ActiveCfg = Release|Any CPU
		{E11B5449-0609-4026-A972-F0CB5C3CB139}.Release|Any CPU.Build.0 = Release|Any CPU
		{E11B5449-0609-4026-A972-F0CB5C3CB139}.Release|Mixed Platforms.ActiveCfg = Release|Any CPU
		{E11B5449-0609-4026-A972-F0CB5C3CB139}.Release|Mixed Platforms.Build.0 = Release|Any CPU
		{E11B5449-0609-4026-A972-F0CB5C3CB139}.Release|x86.ActiveCfg = Release|Any CPU
		{60FB5BA8-333C-4A93-8B8F-793FA7F3533C}.Debug|Any CPU.ActiveCfg = Debug|Any CPU
		{60FB5BA8-333C-4A93-8B8F-793FA7F3533C}.Debug|Any CPU.Build.0 = Debug|Any CPU
		{60FB5BA8-333C-4A93-8B8F-793FA7F3533C}.Debug|Mixed Platforms.ActiveCfg = Debug|Any CPU
		{60FB5BA8-333C-4A93-8B8F-793FA7F3533C}.Debug|Mixed Platforms.Build.0 = Debug|Any CPU
		{60FB5BA8-333C-4A93-8B8F-793FA7F3533C}.Debug|x86.ActiveCfg = Debug|Any CPU
		{60FB5BA8-333C-4A93-8B8F-793FA7F3533C}.Development|Any CPU.ActiveCfg = Debug|Any CPU
		{60FB5BA8-333C-4A93-8B8F-793FA7F3533C}.Development|Any CPU.Build.0 = Debug|Any CPU
		{60FB5BA8-333C-4A93-8B8F-793FA7F3533C}.Development|Mixed Platforms.ActiveCfg = Debug|Any CPU
		{60FB5BA8-333C-4A93-8B8F-793FA7F3533C}.Development|Mixed Platforms.Build.0 = Debug|Any CPU
		{60FB5BA8-333C-4A93-8B8F-793FA7F3533C}.Development|x86.ActiveCfg = Debug|Any CPU
		{60FB5BA8-333C-4A93-8B8F-793FA7F3533C}.Release|Any CPU.ActiveCfg = Release|Any CPU
		{60FB5BA8-333C-4A93-8B8F-793FA7F3533C}.Release|Any CPU.Build.0 = Release|Any CPU
		{60FB5BA8-333C-4A93-8B8F-793FA7F3533C}.Release|Mixed Platforms.ActiveCfg = Release|Any CPU
		{60FB5BA8-333C-4A93-8B8F-793FA7F3533C}.Release|Mixed Platforms.Build.0 = Release|Any CPU
		{60FB5BA8-333C-4A93-8B8F-793FA7F3533C}.Release|x86.ActiveCfg = Release|Any CPU
		{8C3464DA-A6F4-4616-BA92-29AC441C537F}.Debug|Any CPU.ActiveCfg = Debug|Any CPU
		{8C3464DA-A6F4-4616-BA92-29AC441C537F}.Debug|Any CPU.Build.0 = Debug|Any CPU
		{8C3464DA-A6F4-4616-BA92-29AC441C537F}.Debug|Mixed Platforms.ActiveCfg = Debug|Any CPU
		{8C3464DA-A6F4-4616-BA92-29AC441C537F}.Debug|Mixed Platforms.Build.0 = Debug|Any CPU
		{8C3464DA-A6F4-4616-BA92-29AC441C537F}.Debug|x86.ActiveCfg = Debug|Any CPU
		{8C3464DA-A6F4-4616-BA92-29AC441C537F}.Development|Any CPU.ActiveCfg = Debug|Any CPU
		{8C3464DA-A6F4-4616-BA92-29AC441C537F}.Development|Any CPU.Build.0 = Debug|Any CPU
		{8C3464DA-A6F4-4616-BA92-29AC441C537F}.Development|Mixed Platforms.ActiveCfg = Debug|Any CPU
		{8C3464DA-A6F4-4616-BA92-29AC441C537F}.Development|Mixed Platforms.Build.0 = Debug|Any CPU
		{8C3464DA-A6F4-4616-BA92-29AC441C537F}.Development|x86.ActiveCfg = Debug|Any CPU
		{8C3464DA-A6F4-4616-BA92-29AC441C537F}.Release|Any CPU.ActiveCfg = Release|Any CPU
		{8C3464DA-A6F4-4616-BA92-29AC441C537F}.Release|Any CPU.Build.0 = Release|Any CPU
		{8C3464DA-A6F4-4616-BA92-29AC441C537F}.Release|Mixed Platforms.ActiveCfg = Release|Any CPU
		{8C3464DA-A6F4-4616-BA92-29AC441C537F}.Release|Mixed Platforms.Build.0 = Release|Any CPU
		{8C3464DA-A6F4-4616-BA92-29AC441C537F}.Release|x86.ActiveCfg = Release|Any CPU
		{05AEFD2A-EAF9-4369-B20C-DDC88B17D95A}.Debug|Any CPU.ActiveCfg = Debug|Any CPU
		{05AEFD2A-EAF9-4369-B20C-DDC88B17D95A}.Debug|Any CPU.Build.0 = Debug|Any CPU
		{05AEFD2A-EAF9-4369-B20C-DDC88B17D95A}.Debug|Mixed Platforms.ActiveCfg = Debug|Any CPU
		{05AEFD2A-EAF9-4369-B20C-DDC88B17D95A}.Debug|Mixed Platforms.Build.0 = Debug|Any CPU
		{05AEFD2A-EAF9-4369-B20C-DDC88B17D95A}.Debug|x86.ActiveCfg = Debug|Any CPU
		{05AEFD2A-EAF9-4369-B20C-DDC88B17D95A}.Development|Any CPU.ActiveCfg = Debug|Any CPU
		{05AEFD2A-EAF9-4369-B20C-DDC88B17D95A}.Development|Any CPU.Build.0 = Debug|Any CPU
		{05AEFD2A-EAF9-4369-B20C-DDC88B17D95A}.Development|Mixed Platforms.ActiveCfg = Debug|Any CPU
		{05AEFD2A-EAF9-4369-B20C-DDC88B17D95A}.Development|Mixed Platforms.Build.0 = Debug|Any CPU
		{05AEFD2A-EAF9-4369-B20C-DDC88B17D95A}.Development|x86.ActiveCfg = Debug|Any CPU
		{05AEFD2A-EAF9-4369-B20C-DDC88B17D95A}.Release|Any CPU.ActiveCfg = Release|Any CPU
		{05AEFD2A-EAF9-4369-B20C-DDC88B17D95A}.Release|Any CPU.Build.0 = Release|Any CPU
		{05AEFD2A-EAF9-4369-B20C-DDC88B17D95A}.Release|Mixed Platforms.ActiveCfg = Release|Any CPU
		{05AEFD2A-EAF9-4369-B20C-DDC88B17D95A}.Release|Mixed Platforms.Build.0 = Release|Any CPU
		{05AEFD2A-EAF9-4369-B20C-DDC88B17D95A}.Release|x86.ActiveCfg = Release|Any CPU
		{FAAFAD38-6AAF-4961-AE06-3BFF038685E6}.Debug|Any CPU.ActiveCfg = Debug|Any CPU
		{FAAFAD38-6AAF-4961-AE06-3BFF038685E6}.Debug|Any CPU.Build.0 = Debug|Any CPU
		{FAAFAD38-6AAF-4961-AE06-3BFF038685E6}.Debug|Mixed Platforms.ActiveCfg = Debug|Any CPU
		{FAAFAD38-6AAF-4961-AE06-3BFF038685E6}.Debug|Mixed Platforms.Build.0 = Debug|Any CPU
		{FAAFAD38-6AAF-4961-AE06-3BFF038685E6}.Debug|x86.ActiveCfg = Debug|Any CPU
		{FAAFAD38-6AAF-4961-AE06-3BFF038685E6}.Development|Any CPU.ActiveCfg = Debug|Any CPU
		{FAAFAD38-6AAF-4961-AE06-3BFF038685E6}.Development|Any CPU.Build.0 = Debug|Any CPU
		{FAAFAD38-6AAF-4961-AE06-3BFF038685E6}.Development|Mixed Platforms.ActiveCfg = Debug|Any CPU
		{FAAFAD38-6AAF-4961-AE06-3BFF038685E6}.Development|Mixed Platforms.Build.0 = Debug|Any CPU
		{FAAFAD38-6AAF-4961-AE06-3BFF038685E6}.Development|x86.ActiveCfg = Debug|Any CPU
		{FAAFAD38-6AAF-4961-AE06-3BFF038685E6}.Release|Any CPU.ActiveCfg = Release|Any CPU
		{FAAFAD38-6AAF-4961-AE06-3BFF038685E6}.Release|Any CPU.Build.0 = Release|Any CPU
		{FAAFAD38-6AAF-4961-AE06-3BFF038685E6}.Release|Mixed Platforms.ActiveCfg = Release|Any CPU
		{FAAFAD38-6AAF-4961-AE06-3BFF038685E6}.Release|Mixed Platforms.Build.0 = Release|Any CPU
		{FAAFAD38-6AAF-4961-AE06-3BFF038685E6}.Release|x86.ActiveCfg = Release|Any CPU
		{3B57B722-F394-414F-8CCE-22B40A1B1E08}.Debug|Any CPU.ActiveCfg = Debug|Any CPU
		{3B57B722-F394-414F-8CCE-22B40A1B1E08}.Debug|Any CPU.Build.0 = Debug|Any CPU
		{3B57B722-F394-414F-8CCE-22B40A1B1E08}.Debug|Mixed Platforms.ActiveCfg = Debug|Any CPU
		{3B57B722-F394-414F-8CCE-22B40A1B1E08}.Debug|Mixed Platforms.Build.0 = Debug|Any CPU
		{3B57B722-F394-414F-8CCE-22B40A1B1E08}.Debug|x86.ActiveCfg = Debug|Any CPU
		{3B57B722-F394-414F-8CCE-22B40A1B1E08}.Development|Any CPU.ActiveCfg = Debug|Any CPU
		{3B57B722-F394-414F-8CCE-22B40A1B1E08}.Development|Any CPU.Build.0 = Debug|Any CPU
		{3B57B722-F394-414F-8CCE-22B40A1B1E08}.Development|Mixed Platforms.ActiveCfg = Debug|Any CPU
		{3B57B722-F394-414F-8CCE-22B40A1B1E08}.Development|Mixed Platforms.Build.0 = Debug|Any CPU
		{3B57B722-F394-414F-8CCE-22B40A1B1E08}.Development|x86.ActiveCfg = Debug|Any CPU
		{3B57B722-F394-414F-8CCE-22B40A1B1E08}.Release|Any CPU.ActiveCfg = Release|Any CPU
		{3B57B722-F394-414F-8CCE-22B40A1B1E08}.Release|Any CPU.Build.0 = Release|Any CPU
		{3B57B722-F394-414F-8CCE-22B40A1B1E08}.Release|Mixed Platforms.ActiveCfg = Release|Any CPU
		{3B57B722-F394-414F-8CCE-22B40A1B1E08}.Release|Mixed Platforms.Build.0 = Release|Any CPU
		{3B57B722-F394-414F-8CCE-22B40A1B1E08}.Release|x86.ActiveCfg = Release|Any CPU
		{D8D16D1F-8FEC-4FF4-A029-9B03CCB79943}.Debug|Any CPU.ActiveCfg = Debug|Any CPU
		{D8D16D1F-8FEC-4FF4-A029-9B03CCB79943}.Debug|Any CPU.Build.0 = Debug|Any CPU
		{D8D16D1F-8FEC-4FF4-A029-9B03CCB79943}.Debug|Mixed Platforms.ActiveCfg = Debug|Any CPU
		{D8D16D1F-8FEC-4FF4-A029-9B03CCB79943}.Debug|Mixed Platforms.Build.0 = Debug|Any CPU
		{D8D16D1F-8FEC-4FF4-A029-9B03CCB79943}.Debug|x86.ActiveCfg = Debug|Any CPU
		{D8D16D1F-8FEC-4FF4-A029-9B03CCB79943}.Development|Any CPU.ActiveCfg = Debug|Any CPU
		{D8D16D1F-8FEC-4FF4-A029-9B03CCB79943}.Development|Any CPU.Build.0 = Debug|Any CPU
		{D8D16D1F-8FEC-4FF4-A029-9B03CCB79943}.Development|Mixed Platforms.ActiveCfg = Debug|Any CPU
		{D8D16D1F-8FEC-4FF4-A029-9B03CCB79943}.Development|Mixed Platforms.Build.0 = Debug|Any CPU
		{D8D16D1F-8FEC-4FF4-A029-9B03CCB79943}.Development|x86.ActiveCfg = Debug|Any CPU
		{D8D16D1F-8FEC-4FF4-A029-9B03CCB79943}.Release|Any CPU.ActiveCfg = Release|Any CPU
		{D8D16D1F-8FEC-4FF4-A029-9B03CCB79943}.Release|Any CPU.Build.0 = Release|Any CPU
		{D8D16D1F-8FEC-4FF4-A029-9B03CCB79943}.Release|Mixed Platforms.ActiveCfg = Release|Any CPU
		{D8D16D1F-8FEC-4FF4-A029-9B03CCB79943}.Release|Mixed Platforms.Build.0 = Release|Any CPU
		{D8D16D1F-8FEC-4FF4-A029-9B03CCB79943}.Release|x86.ActiveCfg = Release|Any CPU
	EndGlobalSection
	GlobalSection(SolutionProperties) = preSolution
		HideSolutionNode = FALSE
	EndGlobalSection
EndGlobal
